
Microsoft Visual Studio Solution File, Format Version 12.00
Project("{F2A71F9B-5D33-465A-A702-920D77279786}") = "CFPQ_GLL", "CFPQ_GLL\CFPQ_GLL.fsproj", "{D949A947-42A7-4158-A65D-D9FE3072656A}"
EndProject
Project("{F2A71F9B-5D33-465A-A702-920D77279786}") = "Tests", "Tests\Tests.fsproj", "{63EB4C20-D4A8-49C3-80D2-E3AADAC649DA}"
EndProject
Project("{F2A71F9B-5D33-465A-A702-920D77279786}") = "Benchmarks", "Benchmarks\Benchmarks.fsproj", "{22338132-7D21-4212-9EED-73C8107E890A}"
EndProject
Project("{F2A71F9B-5D33-465A-A702-920D77279786}") = "Benchmarks_RPQ", "Benchmarks_RPQ\Benchmarks_RPQ.fsproj", "{E8398B32-197F-40CF-9818-712378D118D5}"
EndProject
Project("{F2A71F9B-5D33-465A-A702-920D77279786}") = "Benchmarks_CFPQ", "Benchmarks_CFPQ\Benchmarks_CFPQ.fsproj", "{C0F2C6AF-2FCB-4933-A8F7-6E404ED85FDE}"
EndProject
Global
	GlobalSection(SolutionConfigurationPlatforms) = preSolution
		Debug|Any CPU = Debug|Any CPU
		Release|Any CPU = Release|Any CPU
	EndGlobalSection
	GlobalSection(ProjectConfigurationPlatforms) = postSolution
		{D949A947-42A7-4158-A65D-D9FE3072656A}.Debug|Any CPU.ActiveCfg = Debug|Any CPU
		{D949A947-42A7-4158-A65D-D9FE3072656A}.Debug|Any CPU.Build.0 = Debug|Any CPU
		{D949A947-42A7-4158-A65D-D9FE3072656A}.Release|Any CPU.ActiveCfg = Release|Any CPU
		{D949A947-42A7-4158-A65D-D9FE3072656A}.Release|Any CPU.Build.0 = Release|Any CPU
		{63EB4C20-D4A8-49C3-80D2-E3AADAC649DA}.Debug|Any CPU.ActiveCfg = Debug|Any CPU
		{63EB4C20-D4A8-49C3-80D2-E3AADAC649DA}.Debug|Any CPU.Build.0 = Debug|Any CPU
		{63EB4C20-D4A8-49C3-80D2-E3AADAC649DA}.Release|Any CPU.ActiveCfg = Release|Any CPU
		{63EB4C20-D4A8-49C3-80D2-E3AADAC649DA}.Release|Any CPU.Build.0 = Release|Any CPU
		{22338132-7D21-4212-9EED-73C8107E890A}.Debug|Any CPU.ActiveCfg = Debug|Any CPU
		{22338132-7D21-4212-9EED-73C8107E890A}.Debug|Any CPU.Build.0 = Debug|Any CPU
		{22338132-7D21-4212-9EED-73C8107E890A}.Release|Any CPU.ActiveCfg = Release|Any CPU
		{22338132-7D21-4212-9EED-73C8107E890A}.Release|Any CPU.Build.0 = Release|Any CPU
		{E8398B32-197F-40CF-9818-712378D118D5}.Debug|Any CPU.ActiveCfg = Debug|Any CPU
		{E8398B32-197F-40CF-9818-712378D118D5}.Debug|Any CPU.Build.0 = Debug|Any CPU
		{E8398B32-197F-40CF-9818-712378D118D5}.Release|Any CPU.ActiveCfg = Release|Any CPU
		{E8398B32-197F-40CF-9818-712378D118D5}.Release|Any CPU.Build.0 = Release|Any CPU
		{C0F2C6AF-2FCB-4933-A8F7-6E404ED85FDE}.Debug|Any CPU.ActiveCfg = Debug|Any CPU
		{C0F2C6AF-2FCB-4933-A8F7-6E404ED85FDE}.Debug|Any CPU.Build.0 = Debug|Any CPU
		{C0F2C6AF-2FCB-4933-A8F7-6E404ED85FDE}.Release|Any CPU.ActiveCfg = Release|Any CPU
		{C0F2C6AF-2FCB-4933-A8F7-6E404ED85FDE}.Release|Any CPU.Build.0 = Release|Any CPU
	EndGlobalSection
EndGlobal
